# This file is automatically @generated by Cargo.
# It is not intended for manual editing.
version = 4

[[package]]
name = "oac-adapter-claude"
version = "0.0.0"
dependencies = [
 "oac-core",
]

[[package]]
name = "oac-adapter-codex"
version = "0.0.0"
dependencies = [
 "oac-core",
]

[[package]]
name = "oac-cli"
version = "0.0.0"
dependencies = [
 "oac-adapter-claude",
 "oac-adapter-codex",
 "oac-core",
 "oac-transport-zenoh",
]

[[package]]
name = "oac-core"
version = "0.0.0"

[[package]]
name = "oac-transport-zenoh"
version = "0.0.0"
dependencies = [
 "oac-core",
]
